
Microsoft Visual Studio Solution File, Format Version 12.00
# Visual Studio Version 16
VisualStudioVersion = 16.0.29318.209
MinimumVisualStudioVersion = 10.0.40219.1
Project("{8BC9CEB8-8B4A-11D0-8D11-00A0C91BC942}") = "13 - Vectors", "13 - Vectors.vcxproj", "{D3F4262E-7530-45BF-AD66-E451F6357882}"
EndProject
Global
	GlobalSection(SolutionConfigurationPlatforms) = preSolution
		Debug|x64 = Debug|x64
		Debug|x86 = Debug|x86
		Release|x64 = Release|x64
		Release|x86 = Release|x86
	EndGlobalSection
	GlobalSection(ProjectConfigurationPlatforms) = postSolution
		{D3F4262E-7530-45BF-AD66-E451F6357882}.Debug|x64.ActiveCfg = Debug|x64
		{D3F4262E-7530-45BF-AD66-E451F6357882}.Debug|x64.Build.0 = Debug|x64
		{D3F4262E-7530-45BF-AD66-E451F6357882}.Debug|x86.ActiveCfg = Debug|Win32
		{D3F4262E-7530-45BF-AD66-E451F6357882}.Debug|x86.Build.0 = Debug|Win32
		{D3F4262E-7530-45BF-AD66-E451F6357882}.Release|x64.ActiveCfg = Release|x64
		{D3F4262E-7530-45BF-AD66-E451F6357882}.Release|x64.Build.0 = Release|x64
		{D3F4262E-7530-45BF-AD66-E451F6357882}.Release|x86.ActiveCfg = Release|Win32
		{D3F4262E-7530-45BF-AD66-E451F6357882}.Release|x86.Build.0 = Release|Win32
	EndGlobalSection
	GlobalSection(SolutionProperties) = preSolution
		HideSolutionNode = FALSE
	EndGlobalSection
	GlobalSection(ExtensibilityGlobals) = postSolution
		SolutionGuid = {E914164E-C929-4A21-9721-341173B7AE6C}
	EndGlobalSection
EndGlobal
