
Microsoft Visual Studio Solution File, Format Version 12.00
# Visual Studio Version 16
VisualStudioVersion = 16.0.29318.209
MinimumVisualStudioVersion = 10.0.40219.1
Project("{8BC9CEB8-8B4A-11D0-8D11-00A0C91BC942}") = "4.14 - Consts", "4.14 - Consts.vcxproj", "{55959CB7-5606-4582-88B5-3FA31C1A68BC}"
EndProject
Global
	GlobalSection(SolutionConfigurationPlatforms) = preSolution
		Debug|x64 = Debug|x64
		Debug|x86 = Debug|x86
		Release|x64 = Release|x64
		Release|x86 = Release|x86
	EndGlobalSection
	GlobalSection(ProjectConfigurationPlatforms) = postSolution
		{55959CB7-5606-4582-88B5-3FA31C1A68BC}.Debug|x64.ActiveCfg = Debug|x64
		{55959CB7-5606-4582-88B5-3FA31C1A68BC}.Debug|x64.Build.0 = Debug|x64
		{55959CB7-5606-4582-88B5-3FA31C1A68BC}.Debug|x86.ActiveCfg = Debug|Win32
		{55959CB7-5606-4582-88B5-3FA31C1A68BC}.Debug|x86.Build.0 = Debug|Win32
		{55959CB7-5606-4582-88B5-3FA31C1A68BC}.Release|x64.ActiveCfg = Release|x64
		{55959CB7-5606-4582-88B5-3FA31C1A68BC}.Release|x64.Build.0 = Release|x64
		{55959CB7-5606-4582-88B5-3FA31C1A68BC}.Release|x86.ActiveCfg = Release|Win32
		{55959CB7-5606-4582-88B5-3FA31C1A68BC}.Release|x86.Build.0 = Release|Win32
	EndGlobalSection
	GlobalSection(SolutionProperties) = preSolution
		HideSolutionNode = FALSE
	EndGlobalSection
	GlobalSection(ExtensibilityGlobals) = postSolution
		SolutionGuid = {CC014067-5450-4BC8-AC21-DFC515F832BC}
	EndGlobalSection
EndGlobal
